
Microsoft Visual Studio Solution File, Format Version 12.00
# Visual Studio Version 17
VisualStudioVersion = 17.6.33723.286
MinimumVisualStudioVersion = 10.0.40219.1
Project("{9A19103F-16F7-4668-BE54-9A1E7A4F7556}") = "TestProcess.API", "API\TestProcess.API.csproj", "{ACDF795A-E9FA-4498-9D0F-57B288339B72}"
EndProject
Project("{9A19103F-16F7-4668-BE54-9A1E7A4F7556}") = "TestProcess.Services", "Services\TestProcess.Services.csproj", "{47A1815E-49D5-41A8-9AEA-7D7089723758}"
EndProject
Project("{9A19103F-16F7-4668-BE54-9A1E7A4F7556}") = "TestProcess.Infrastructure", "Infrastructure\TestProcess.Infrastructure.csproj", "{6BDF0F40-3E5B-4F50-A86C-8CF77AE906DD}"
EndProject
Project("{9A19103F-16F7-4668-BE54-9A1E7A4F7556}") = "TestProcess.Common", "Common\TestProcess.Common.csproj", "{7EF7C655-80AD-4A87-AC7A-7CE707D734C0}"
EndProject
Global
	GlobalSection(SolutionConfigurationPlatforms) = preSolution
		Debug|Any CPU = Debug|Any CPU
		Release|Any CPU = Release|Any CPU
	EndGlobalSection
	GlobalSection(ProjectConfigurationPlatforms) = postSolution
		{ACDF795A-E9FA-4498-9D0F-57B288339B72}.Debug|Any CPU.ActiveCfg = Debug|Any CPU
		{ACDF795A-E9FA-4498-9D0F-57B288339B72}.Debug|Any CPU.Build.0 = Debug|Any CPU
		{ACDF795A-E9FA-4498-9D0F-57B288339B72}.Release|Any CPU.ActiveCfg = Release|Any CPU
		{ACDF795A-E9FA-4498-9D0F-57B288339B72}.Release|Any CPU.Build.0 = Release|Any CPU
		{47A1815E-49D5-41A8-9AEA-7D7089723758}.Debug|Any CPU.ActiveCfg = Debug|Any CPU
		{47A1815E-49D5-41A8-9AEA-7D7089723758}.Debug|Any CPU.Build.0 = Debug|Any CPU
		{47A1815E-49D5-41A8-9AEA-7D7089723758}.Release|Any CPU.ActiveCfg = Release|Any CPU
		{47A1815E-49D5-41A8-9AEA-7D7089723758}.Release|Any CPU.Build.0 = Release|Any CPU
		{6BDF0F40-3E5B-4F50-A86C-8CF77AE906DD}.Debug|Any CPU.ActiveCfg = Debug|Any CPU
		{6BDF0F40-3E5B-4F50-A86C-8CF77AE906DD}.Debug|Any CPU.Build.0 = Debug|Any CPU
		{6BDF0F40-3E5B-4F50-A86C-8CF77AE906DD}.Release|Any CPU.ActiveCfg = Release|Any CPU
		{6BDF0F40-3E5B-4F50-A86C-8CF77AE906DD}.Release|Any CPU.Build.0 = Release|Any CPU
		{7EF7C655-80AD-4A87-AC7A-7CE707D734C0}.Debug|Any CPU.ActiveCfg = Debug|Any CPU
		{7EF7C655-80AD-4A87-AC7A-7CE707D734C0}.Debug|Any CPU.Build.0 = Debug|Any CPU
		{7EF7C655-80AD-4A87-AC7A-7CE707D734C0}.Release|Any CPU.ActiveCfg = Release|Any CPU
		{7EF7C655-80AD-4A87-AC7A-7CE707D734C0}.Release|Any CPU.Build.0 = Release|Any CPU
	EndGlobalSection
	GlobalSection(SolutionProperties) = preSolution
		HideSolutionNode = FALSE
	EndGlobalSection
	GlobalSection(ExtensibilityGlobals) = postSolution
		SolutionGuid = {D0370505-EC26-44FB-9753-23BE3098266A}
	EndGlobalSection
EndGlobal
